
Microsoft Visual Studio Solution File, Format Version 12.00
# Visual Studio 14
VisualStudioVersion = 14.0.25420.1
MinimumVisualStudioVersion = 10.0.40219.1
Project("{2150E333-8FDC-42A3-9474-1A3956D46DE8}") = "src", "src", "{51070168-9F94-441F-B9F6-58C14D397F9B}"
EndProject
Project("{2150E333-8FDC-42A3-9474-1A3956D46DE8}") = "Solution Items", "Solution Items", "{C430D31E-7416-4AE9-8C24-AE0278E8D364}"
	ProjectSection(SolutionItems) = preProject
		global.json = global.json
	EndProjectSection
EndProject
Project("{8BB2217D-0F2D-49D1-97BC-3654ED321F3B}") = "Charicare2", "src\Charicare2\Charicare2.xproj", "{1DB7B095-EA28-4AA0-8911-70A0CAF9BD92}"
EndProject
Global
	GlobalSection(SolutionConfigurationPlatforms) = preSolution
		Debug|Any CPU = Debug|Any CPU
		Release|Any CPU = Release|Any CPU
	EndGlobalSection
	GlobalSection(ProjectConfigurationPlatforms) = postSolution
		{1DB7B095-EA28-4AA0-8911-70A0CAF9BD92}.Debug|Any CPU.ActiveCfg = Debug|Any CPU
		{1DB7B095-EA28-4AA0-8911-70A0CAF9BD92}.Debug|Any CPU.Build.0 = Debug|Any CPU
		{1DB7B095-EA28-4AA0-8911-70A0CAF9BD92}.Release|Any CPU.ActiveCfg = Release|Any CPU
		{1DB7B095-EA28-4AA0-8911-70A0CAF9BD92}.Release|Any CPU.Build.0 = Release|Any CPU
	EndGlobalSection
	GlobalSection(SolutionProperties) = preSolution
		HideSolutionNode = FALSE
	EndGlobalSection
	GlobalSection(NestedProjects) = preSolution
		{1DB7B095-EA28-4AA0-8911-70A0CAF9BD92} = {51070168-9F94-441F-B9F6-58C14D397F9B}
	EndGlobalSection
EndGlobal
